
Microsoft Visual Studio Solution File, Format Version 12.00
# Visual Studio Version 16
VisualStudioVersion = 16.0.32126.315
MinimumVisualStudioVersion = 10.0.40219.1
Project("{8BC9CEB8-8B4A-11D0-8D11-00A0C91BC942}") = "pkr_laba_5.2(b)", "pkr_laba_5.2(b)\pkr_laba_5.2(b).vcxproj", "{68A2C03A-9807-4424-8A88-E189DE1DF358}"
EndProject
Project("{8BC9CEB8-8B4A-11D0-8D11-00A0C91BC942}") = "pkr_UnitTest_5.2(b)", "pkr_UnitTest_5.2(b)\pkr_UnitTest_5.2(b).vcxproj", "{275B83EA-2206-4BFD-8486-B49EDEE4D1B0}"
EndProject
Global
	GlobalSection(SolutionConfigurationPlatforms) = preSolution
		Debug|x64 = Debug|x64
		Debug|x86 = Debug|x86
		Release|x64 = Release|x64
		Release|x86 = Release|x86
	EndGlobalSection
	GlobalSection(ProjectConfigurationPlatforms) = postSolution
		{68A2C03A-9807-4424-8A88-E189DE1DF358}.Debug|x64.ActiveCfg = Debug|x64
		{68A2C03A-9807-4424-8A88-E189DE1DF358}.Debug|x64.Build.0 = Debug|x64
		{68A2C03A-9807-4424-8A88-E189DE1DF358}.Debug|x86.ActiveCfg = Debug|Win32
		{68A2C03A-9807-4424-8A88-E189DE1DF358}.Debug|x86.Build.0 = Debug|Win32
		{68A2C03A-9807-4424-8A88-E189DE1DF358}.Release|x64.ActiveCfg = Release|x64
		{68A2C03A-9807-4424-8A88-E189DE1DF358}.Release|x64.Build.0 = Release|x64
		{68A2C03A-9807-4424-8A88-E189DE1DF358}.Release|x86.ActiveCfg = Release|Win32
		{68A2C03A-9807-4424-8A88-E189DE1DF358}.Release|x86.Build.0 = Release|Win32
		{275B83EA-2206-4BFD-8486-B49EDEE4D1B0}.Debug|x64.ActiveCfg = Debug|x64
		{275B83EA-2206-4BFD-8486-B49EDEE4D1B0}.Debug|x64.Build.0 = Debug|x64
		{275B83EA-2206-4BFD-8486-B49EDEE4D1B0}.Debug|x86.ActiveCfg = Debug|Win32
		{275B83EA-2206-4BFD-8486-B49EDEE4D1B0}.Debug|x86.Build.0 = Debug|Win32
		{275B83EA-2206-4BFD-8486-B49EDEE4D1B0}.Release|x64.ActiveCfg = Release|x64
		{275B83EA-2206-4BFD-8486-B49EDEE4D1B0}.Release|x64.Build.0 = Release|x64
		{275B83EA-2206-4BFD-8486-B49EDEE4D1B0}.Release|x86.ActiveCfg = Release|Win32
		{275B83EA-2206-4BFD-8486-B49EDEE4D1B0}.Release|x86.Build.0 = Release|Win32
	EndGlobalSection
	GlobalSection(SolutionProperties) = preSolution
		HideSolutionNode = FALSE
	EndGlobalSection
	GlobalSection(ExtensibilityGlobals) = postSolution
		SolutionGuid = {65744279-1088-4336-96DF-D40F08289D3B}
	EndGlobalSection
EndGlobal
